
Microsoft Visual Studio Solution File, Format Version 12.00
# Visual Studio Version 16
VisualStudioVersion = 16.0.32901.82
MinimumVisualStudioVersion = 10.0.40219.1
Project("{FAE04EC0-301F-11D3-BF4B-00C04F79EFBC}") = "homework6", "homework6\homework6.csproj", "{80BC2C7C-A3DA-4DF5-AF7A-7D8B4C64A513}"
EndProject
Global
	GlobalSection(SolutionConfigurationPlatforms) = preSolution
		Debug|Any CPU = Debug|Any CPU
		Release|Any CPU = Release|Any CPU
	EndGlobalSection
	GlobalSection(ProjectConfigurationPlatforms) = postSolution
		{80BC2C7C-A3DA-4DF5-AF7A-7D8B4C64A513}.Debug|Any CPU.ActiveCfg = Debug|Any CPU
		{80BC2C7C-A3DA-4DF5-AF7A-7D8B4C64A513}.Debug|Any CPU.Build.0 = Debug|Any CPU
		{80BC2C7C-A3DA-4DF5-AF7A-7D8B4C64A513}.Release|Any CPU.ActiveCfg = Release|Any CPU
		{80BC2C7C-A3DA-4DF5-AF7A-7D8B4C64A513}.Release|Any CPU.Build.0 = Release|Any CPU
	EndGlobalSection
	GlobalSection(SolutionProperties) = preSolution
		HideSolutionNode = FALSE
	EndGlobalSection
	GlobalSection(ExtensibilityGlobals) = postSolution
		SolutionGuid = {B33DA4D1-354D-4E01-B6D5-53267D7637DF}
	EndGlobalSection
EndGlobal
